
Microsoft Visual Studio Solution File, Format Version 12.00
# Visual Studio 2013
Project("{8BC9CEB8-8B4A-11D0-8D11-00A0C91BC942}") = "DeviceTest2", "DeviceTest2.vcxproj", "{8F0C2C0C-1177-4009-B390-29B8875378D0}"
EndProject
Global
	GlobalSection(SolutionConfigurationPlatforms) = preSolution
		Debug|Win32 = Debug|Win32
		Release|Win32 = Release|Win32
	EndGlobalSection
	GlobalSection(ProjectConfigurationPlatforms) = postSolution
		{8F0C2C0C-1177-4009-B390-29B8875378D0}.Debug|Win32.ActiveCfg = Debug|Win32
		{8F0C2C0C-1177-4009-B390-29B8875378D0}.Debug|Win32.Build.0 = Debug|Win32
		{8F0C2C0C-1177-4009-B390-29B8875378D0}.Release|Win32.ActiveCfg = Release|Win32
		{8F0C2C0C-1177-4009-B390-29B8875378D0}.Release|Win32.Build.0 = Release|Win32
	EndGlobalSection
	GlobalSection(SolutionProperties) = preSolution
		HideSolutionNode = FALSE
	EndGlobalSection
EndGlobal
